
Microsoft Visual Studio Solution File, Format Version 12.00
# Visual Studio Version 17
VisualStudioVersion = 17.6.33829.357
MinimumVisualStudioVersion = 10.0.40219.1
Project("{FAE04EC0-301F-11D3-BF4B-00C04F79EFBC}") = "TestApp", "TestApp\TestApp.csproj", "{B6F378F1-6666-40D9-B14B-E2AA7D03D7C1}"
EndProject
Global
	GlobalSection(SolutionConfigurationPlatforms) = preSolution
		Debug|Any CPU = Debug|Any CPU
		Release|Any CPU = Release|Any CPU
	EndGlobalSection
	GlobalSection(ProjectConfigurationPlatforms) = postSolution
		{B6F378F1-6666-40D9-B14B-E2AA7D03D7C1}.Debug|Any CPU.ActiveCfg = Debug|Any CPU
		{B6F378F1-6666-40D9-B14B-E2AA7D03D7C1}.Debug|Any CPU.Build.0 = Debug|Any CPU
		{B6F378F1-6666-40D9-B14B-E2AA7D03D7C1}.Release|Any CPU.ActiveCfg = Release|Any CPU
		{B6F378F1-6666-40D9-B14B-E2AA7D03D7C1}.Release|Any CPU.Build.0 = Release|Any CPU
	EndGlobalSection
	GlobalSection(SolutionProperties) = preSolution
		HideSolutionNode = FALSE
	EndGlobalSection
	GlobalSection(ExtensibilityGlobals) = postSolution
		SolutionGuid = {78253B27-06B7-45CE-9EC4-C969C9DA2824}
	EndGlobalSection
EndGlobal
